
Microsoft Visual Studio Solution File, Format Version 12.00
# Visual Studio Version 17
VisualStudioVersion = 17.14.36518.9 d17.14
MinimumVisualStudioVersion = 10.0.40219.1
Project("{FAE04EC0-301F-11D3-BF4B-00C04F79EFBC}") = "AvtoSianieASP", "AvtoSianieASP\AvtoSianieASP.csproj", "{3DC2DB75-ED1F-4956-BD81-03DDA3E894B6}"
EndProject
Global
	GlobalSection(SolutionConfigurationPlatforms) = preSolution
		Debug|Any CPU = Debug|Any CPU
		Release|Any CPU = Release|Any CPU
	EndGlobalSection
	GlobalSection(ProjectConfigurationPlatforms) = postSolution
		{3DC2DB75-ED1F-4956-BD81-03DDA3E894B6}.Debug|Any CPU.ActiveCfg = Debug|Any CPU
		{3DC2DB75-ED1F-4956-BD81-03DDA3E894B6}.Debug|Any CPU.Build.0 = Debug|Any CPU
		{3DC2DB75-ED1F-4956-BD81-03DDA3E894B6}.Release|Any CPU.ActiveCfg = Release|Any CPU
		{3DC2DB75-ED1F-4956-BD81-03DDA3E894B6}.Release|Any CPU.Build.0 = Release|Any CPU
	EndGlobalSection
	GlobalSection(SolutionProperties) = preSolution
		HideSolutionNode = FALSE
	EndGlobalSection
	GlobalSection(ExtensibilityGlobals) = postSolution
		SolutionGuid = {2575F2E9-E95F-4B1A-B006-E6855AFF4832}
	EndGlobalSection
EndGlobal
